# THIS IS AN AUTOGENERATED FILE. DO NOT EDIT THIS FILE DIRECTLY.
# yarn lockfile v1


"@graphql-typed-document-node/core@^3.2.0":
  version "3.2.0"
  resolved "https://registry.yarnpkg.com/@graphql-typed-document-node/core/-/core-3.2.0.tgz#5f3d96ec6b2354ad6d8a28bf216a1d97b5426861"
  integrity sha512-mB9oAsNCm9aM3/SOv4YtBMqZbYj10R7dkq8byBqxGY/ncFwhf2oQzMV+LCRlWoDSEBJ3COiR1yeDvMtsoOsuFQ==

graphql-request@^7.1.2:
  version "7.1.2"
  resolved "https://registry.yarnpkg.com/graphql-request/-/graphql-request-7.1.2.tgz#52d7fd6d8d08c9f0b00c84a091376ce9fbdfa945"
  integrity sha512-+XE3iuC55C2di5ZUrB4pjgwe+nIQBuXVIK9J98wrVwojzDW3GMdSBZfxUk8l4j9TieIpjpggclxhNEU9ebGF8w==
  dependencies:
    "@graphql-typed-document-node/core" "^3.2.0"

graphql@^16.10.0:
  version "16.10.0"
  resolved "https://registry.yarnpkg.com/graphql/-/graphql-16.10.0.tgz#24c01ae0af6b11ea87bf55694429198aaa8e220c"
  integrity sha512-AjqGKbDGUFRKIRCP9tCKiIGHyriz2oHEbPIbEtcSLSs4YjReZOIPQQWek4+6hjw62H9QShXHyaGivGiYVLeYFQ==
